
Microsoft Visual Studio Solution File, Format Version 12.00
# Visual Studio Version 17
VisualStudioVersion = 17.9.34714.143
MinimumVisualStudioVersion = 10.0.40219.1
Project("{9A19103F-16F7-4668-BE54-9A1E7A4F7556}") = "FavorParkHotelAPI", "FavorParkHotelAPI\FavorParkHotelAPI.csproj", "{76F4A7B9-2F2A-4B8C-B2E3-18ED1B2989D1}"
EndProject
Project("{9A19103F-16F7-4668-BE54-9A1E7A4F7556}") = "FPH.Data", "FPH.Data\FPH.Data.csproj", "{FCF36706-6DB6-48CE-89CE-0589BC6F3273}"
EndProject
Project("{9A19103F-16F7-4668-BE54-9A1E7A4F7556}") = "FPH.DataBase", "FPH.DataBase\FPH.DataBase.csproj", "{219B9B48-9662-4C41-95AF-7DE1C8E97CD7}"
EndProject
Project("{FAE04EC0-301F-11D3-BF4B-00C04F79EFBC}") = "FPH.Common", "FPH.Common\FPH.Common.csproj", "{096F6A80-9DA4-4DAA-88CE-992C6E843A13}"
EndProject
Global
	GlobalSection(SolutionConfigurationPlatforms) = preSolution
		Debug|Any CPU = Debug|Any CPU
		Release|Any CPU = Release|Any CPU
	EndGlobalSection
	GlobalSection(ProjectConfigurationPlatforms) = postSolution
		{76F4A7B9-2F2A-4B8C-B2E3-18ED1B2989D1}.Debug|Any CPU.ActiveCfg = Debug|Any CPU
		{76F4A7B9-2F2A-4B8C-B2E3-18ED1B2989D1}.Debug|Any CPU.Build.0 = Debug|Any CPU
		{76F4A7B9-2F2A-4B8C-B2E3-18ED1B2989D1}.Release|Any CPU.ActiveCfg = Release|Any CPU
		{76F4A7B9-2F2A-4B8C-B2E3-18ED1B2989D1}.Release|Any CPU.Build.0 = Release|Any CPU
		{FCF36706-6DB6-48CE-89CE-0589BC6F3273}.Debug|Any CPU.ActiveCfg = Debug|Any CPU
		{FCF36706-6DB6-48CE-89CE-0589BC6F3273}.Debug|Any CPU.Build.0 = Debug|Any CPU
		{FCF36706-6DB6-48CE-89CE-0589BC6F3273}.Release|Any CPU.ActiveCfg = Release|Any CPU
		{FCF36706-6DB6-48CE-89CE-0589BC6F3273}.Release|Any CPU.Build.0 = Release|Any CPU
		{219B9B48-9662-4C41-95AF-7DE1C8E97CD7}.Debug|Any CPU.ActiveCfg = Debug|Any CPU
		{219B9B48-9662-4C41-95AF-7DE1C8E97CD7}.Debug|Any CPU.Build.0 = Debug|Any CPU
		{219B9B48-9662-4C41-95AF-7DE1C8E97CD7}.Release|Any CPU.ActiveCfg = Release|Any CPU
		{219B9B48-9662-4C41-95AF-7DE1C8E97CD7}.Release|Any CPU.Build.0 = Release|Any CPU
		{096F6A80-9DA4-4DAA-88CE-992C6E843A13}.Debug|Any CPU.ActiveCfg = Debug|Any CPU
		{096F6A80-9DA4-4DAA-88CE-992C6E843A13}.Debug|Any CPU.Build.0 = Debug|Any CPU
		{096F6A80-9DA4-4DAA-88CE-992C6E843A13}.Release|Any CPU.ActiveCfg = Release|Any CPU
		{096F6A80-9DA4-4DAA-88CE-992C6E843A13}.Release|Any CPU.Build.0 = Release|Any CPU
	EndGlobalSection
	GlobalSection(SolutionProperties) = preSolution
		HideSolutionNode = FALSE
	EndGlobalSection
	GlobalSection(ExtensibilityGlobals) = postSolution
		SolutionGuid = {DB3E3AFD-5903-490D-9693-6C5DE8A9593E}
	EndGlobalSection
EndGlobal
